
Microsoft Visual Studio Solution File, Format Version 12.00
# Visual Studio Version 17
VisualStudioVersion = 17.0.31903.59
MinimumVisualStudioVersion = 10.0.40219.1
Project("{FAE04EC0-301F-11D3-BF4B-00C04F79EFBC}") = "DentistrySched.API", "DentistrySched.API\DentistrySched.API.csproj", "{D4810CD3-578A-9EF7-CA6E-625BF06D9C23}"
EndProject
Project("{FAE04EC0-301F-11D3-BF4B-00C04F79EFBC}") = "DentistrySched.Application", "DentistrySched.Application\DentistrySched.Application.csproj", "{81B887B3-F53A-DDDD-6365-4E3A46A48271}"
EndProject
Project("{FAE04EC0-301F-11D3-BF4B-00C04F79EFBC}") = "DentistrySched.Domain", "DentistrySched.Domain\DentistrySched.Domain.csproj", "{B55608A2-1E96-956C-9A9D-871E218988DE}"
EndProject
Project("{FAE04EC0-301F-11D3-BF4B-00C04F79EFBC}") = "DentistrySched.Infrastructure", "DentistrySched.Infrastructure\DentistrySched.Infrastructure.csproj", "{DCAC450D-0745-DD05-60CB-139AF90B983C}"
EndProject
Global
	GlobalSection(SolutionConfigurationPlatforms) = preSolution
		Debug|Any CPU = Debug|Any CPU
		Release|Any CPU = Release|Any CPU
	EndGlobalSection
	GlobalSection(ProjectConfigurationPlatforms) = postSolution
		{D4810CD3-578A-9EF7-CA6E-625BF06D9C23}.Debug|Any CPU.ActiveCfg = Debug|Any CPU
		{D4810CD3-578A-9EF7-CA6E-625BF06D9C23}.Debug|Any CPU.Build.0 = Debug|Any CPU
		{D4810CD3-578A-9EF7-CA6E-625BF06D9C23}.Release|Any CPU.ActiveCfg = Release|Any CPU
		{D4810CD3-578A-9EF7-CA6E-625BF06D9C23}.Release|Any CPU.Build.0 = Release|Any CPU
		{81B887B3-F53A-DDDD-6365-4E3A46A48271}.Debug|Any CPU.ActiveCfg = Debug|Any CPU
		{81B887B3-F53A-DDDD-6365-4E3A46A48271}.Debug|Any CPU.Build.0 = Debug|Any CPU
		{81B887B3-F53A-DDDD-6365-4E3A46A48271}.Release|Any CPU.ActiveCfg = Release|Any CPU
		{81B887B3-F53A-DDDD-6365-4E3A46A48271}.Release|Any CPU.Build.0 = Release|Any CPU
		{B55608A2-1E96-956C-9A9D-871E218988DE}.Debug|Any CPU.ActiveCfg = Debug|Any CPU
		{B55608A2-1E96-956C-9A9D-871E218988DE}.Debug|Any CPU.Build.0 = Debug|Any CPU
		{B55608A2-1E96-956C-9A9D-871E218988DE}.Release|Any CPU.ActiveCfg = Release|Any CPU
		{B55608A2-1E96-956C-9A9D-871E218988DE}.Release|Any CPU.Build.0 = Release|Any CPU
		{DCAC450D-0745-DD05-60CB-139AF90B983C}.Debug|Any CPU.ActiveCfg = Debug|Any CPU
		{DCAC450D-0745-DD05-60CB-139AF90B983C}.Debug|Any CPU.Build.0 = Debug|Any CPU
		{DCAC450D-0745-DD05-60CB-139AF90B983C}.Release|Any CPU.ActiveCfg = Release|Any CPU
		{DCAC450D-0745-DD05-60CB-139AF90B983C}.Release|Any CPU.Build.0 = Release|Any CPU
	EndGlobalSection
	GlobalSection(SolutionProperties) = preSolution
		HideSolutionNode = FALSE
	EndGlobalSection
	GlobalSection(ExtensibilityGlobals) = postSolution
		SolutionGuid = {A8BC781E-AF29-4742-A121-1E23BF1A88C6}
	EndGlobalSection
EndGlobal
